// !$*UTF8*$!
{
	archiveVersion = 1;
	classes = {
	};
	objectVersion = 56;
	objects = {

/* Begin PBXBuildFile section */
		A716780928D47F0100FC888A /* ChirpFilterViewModel.swift in Sources */ = {isa = PBXBuildFile; fileRef = A716780828D47F0100FC888A /* ChirpFilterViewModel.swift */; };
		A727FD6928D4F6C900C5E170 /* SideMenuOptionRowView.swift in Sources */ = {isa = PBXBuildFile; fileRef = A727FD6828D4F6C900C5E170 /* SideMenuOptionRowView.swift */; };
		A727FD7028D6112C00C5E170 /* TextArea.swift in Sources */ = {isa = PBXBuildFile; fileRef = A727FD6F28D6112C00C5E170 /* TextArea.swift */; };
		A727FD7228D8C47F00C5E170 /* NewChirpView.swift in Sources */ = {isa = PBXBuildFile; fileRef = A727FD7128D8C47F00C5E170 /* NewChirpView.swift */; };
		A727FD7728D8DC5200C5E170 /* LoginView.swift in Sources */ = {isa = PBXBuildFile; fileRef = A727FD7628D8DC5200C5E170 /* LoginView.swift */; };
		A727FD7928D8DC6000C5E170 /* RegistrationView.swift in Sources */ = {isa = PBXBuildFile; fileRef = A727FD7828D8DC6000C5E170 /* RegistrationView.swift */; };
		A727FD7B28D8DD6C00C5E170 /* RoundedShape.swift in Sources */ = {isa = PBXBuildFile; fileRef = A727FD7A28D8DD6C00C5E170 /* RoundedShape.swift */; };
		A727FD7D28DA155E00C5E170 /* CustomInputFields.swift in Sources */ = {isa = PBXBuildFile; fileRef = A727FD7C28DA155E00C5E170 /* CustomInputFields.swift */; };
		A727FD8028DAF75700C5E170 /* AuthHeaderView.swift in Sources */ = {isa = PBXBuildFile; fileRef = A727FD7F28DAF75700C5E170 /* AuthHeaderView.swift */; };
		A727FD8228DB649F00C5E170 /* GoogleService-Info.plist in Resources */ = {isa = PBXBuildFile; fileRef = A727FD8128DB649F00C5E170 /* GoogleService-Info.plist */; };
		A727FD8528DB667E00C5E170 /* FirebaseAuth in Frameworks */ = {isa = PBXBuildFile; productRef = A727FD8428DB667E00C5E170 /* FirebaseAuth */; };
		A727FD8728DB667E00C5E170 /* FirebaseFirestore in Frameworks */ = {isa = PBXBuildFile; productRef = A727FD8628DB667E00C5E170 /* FirebaseFirestore */; };
		A727FD8928DB667E00C5E170 /* FirebaseFirestoreSwift in Frameworks */ = {isa = PBXBuildFile; productRef = A727FD8828DB667E00C5E170 /* FirebaseFirestoreSwift */; };
		A727FD8B28DB667E00C5E170 /* FirebaseStorage in Frameworks */ = {isa = PBXBuildFile; productRef = A727FD8A28DB667E00C5E170 /* FirebaseStorage */; };
		A727FD8D28DB681A00C5E170 /* AuthViewModel.swift in Sources */ = {isa = PBXBuildFile; fileRef = A727FD8C28DB681A00C5E170 /* AuthViewModel.swift */; };
		A76B789B28E6E17400D12C01 /* UploadChirpViewModel.swift in Sources */ = {isa = PBXBuildFile; fileRef = A76B789A28E6E17400D12C01 /* UploadChirpViewModel.swift */; };
		A76B789D28E7480500D12C01 /* FeedViewModel.swift in Sources */ = {isa = PBXBuildFile; fileRef = A76B789C28E7480500D12C01 /* FeedViewModel.swift */; };
		A76B789F28E748EF00D12C01 /* Chirp.swift in Sources */ = {isa = PBXBuildFile; fileRef = A76B789E28E748EF00D12C01 /* Chirp.swift */; };
		A79EE56628E062210040C028 /* UserService.swift in Sources */ = {isa = PBXBuildFile; fileRef = A79EE56528E062210040C028 /* UserService.swift */; };
		A79EE56828E067D70040C028 /* User.swift in Sources */ = {isa = PBXBuildFile; fileRef = A79EE56728E067D70040C028 /* User.swift */; };
		A7B0C2F628D379BF0043C5EF /* ChirprApp.swift in Sources */ = {isa = PBXBuildFile; fileRef = A7B0C2F528D379BF0043C5EF /* ChirprApp.swift */; };
		A7B0C2F828D379BF0043C5EF /* ContentView.swift in Sources */ = {isa = PBXBuildFile; fileRef = A7B0C2F728D379BF0043C5EF /* ContentView.swift */; };
		A7B0C2FA28D379BF0043C5EF /* Assets.xcassets in Resources */ = {isa = PBXBuildFile; fileRef = A7B0C2F928D379BF0043C5EF /* Assets.xcassets */; };
		A7B0C2FD28D379BF0043C5EF /* Preview Assets.xcassets in Resources */ = {isa = PBXBuildFile; fileRef = A7B0C2FC28D379BF0043C5EF /* Preview Assets.xcassets */; };
		A7B0C30728D379C00043C5EF /* ChirprTests.swift in Sources */ = {isa = PBXBuildFile; fileRef = A7B0C30628D379C00043C5EF /* ChirprTests.swift */; };
		A7B0C31128D379C00043C5EF /* ChirprUITests.swift in Sources */ = {isa = PBXBuildFile; fileRef = A7B0C31028D379C00043C5EF /* ChirprUITests.swift */; };
		A7B0C31328D379C00043C5EF /* ChirprUITestsLaunchTests.swift in Sources */ = {isa = PBXBuildFile; fileRef = A7B0C31228D379C00043C5EF /* ChirprUITestsLaunchTests.swift */; };
		A7B0C32A28D37A6A0043C5EF /* FeedView.swift in Sources */ = {isa = PBXBuildFile; fileRef = A7B0C32928D37A6A0043C5EF /* FeedView.swift */; };
		A7B0C32D28D37AD20043C5EF /* ChirpRowView.swift in Sources */ = {isa = PBXBuildFile; fileRef = A7B0C32C28D37AD20043C5EF /* ChirpRowView.swift */; };
		A7B0C33028D383E20043C5EF /* MainTabView.swift in Sources */ = {isa = PBXBuildFile; fileRef = A7B0C32F28D383E20043C5EF /* MainTabView.swift */; };
		A7B0C33828D3851D0043C5EF /* ExploreView.swift in Sources */ = {isa = PBXBuildFile; fileRef = A7B0C33728D3851D0043C5EF /* ExploreView.swift */; };
		A7B0C33A28D3852F0043C5EF /* NotificationsView.swift in Sources */ = {isa = PBXBuildFile; fileRef = A7B0C33928D3852F0043C5EF /* NotificationsView.swift */; };
		A7B0C33C28D3853A0043C5EF /* MessagesView.swift in Sources */ = {isa = PBXBuildFile; fileRef = A7B0C33B28D3853A0043C5EF /* MessagesView.swift */; };
		A7B0C34028D475490043C5EF /* ProfileView.swift in Sources */ = {isa = PBXBuildFile; fileRef = A7B0C33F28D475490043C5EF /* ProfileView.swift */; };
		A7BFA8BD28D487CA00BCD3D7 /* UserRowView.swift in Sources */ = {isa = PBXBuildFile; fileRef = A7BFA8BC28D487CA00BCD3D7 /* UserRowView.swift */; };
		A7BFA8C228D4DBDC00BCD3D7 /* SideMenuView.swift in Sources */ = {isa = PBXBuildFile; fileRef = A7BFA8C128D4DBDC00BCD3D7 /* SideMenuView.swift */; };
		A7BFA8C428D4DBEB00BCD3D7 /* SideMenuRowView.swift in Sources */ = {isa = PBXBuildFile; fileRef = A7BFA8C328D4DBEB00BCD3D7 /* SideMenuRowView.swift */; };
		A7BFA8C628D4DC0400BCD3D7 /* SideMenuViewModel.swift in Sources */ = {isa = PBXBuildFile; fileRef = A7BFA8C528D4DC0400BCD3D7 /* SideMenuViewModel.swift */; };
		A7BFA8C828D4E1D800BCD3D7 /* UserStatsView.swift in Sources */ = {isa = PBXBuildFile; fileRef = A7BFA8C728D4E1D800BCD3D7 /* UserStatsView.swift */; };
		A7F302B028E332CB009F10EB /* ExploreViewModel.swift in Sources */ = {isa = PBXBuildFile; fileRef = A7F302AF28E332CB009F10EB /* ExploreViewModel.swift */; };
		A7F302B228E6DF9F009F10EB /* ChirpService.swift in Sources */ = {isa = PBXBuildFile; fileRef = A7F302B128E6DF9F009F10EB /* ChirpService.swift */; };
/* End PBXBuildFile section */

/* Begin PBXContainerItemProxy section */
		A7B0C30328D379BF0043C5EF /* PBXContainerItemProxy */ = {
			isa = PBXContainerItemProxy;
			containerPortal = A7B0C2EA28D379BF0043C5EF /* Project object */;
			proxyType = 1;
			remoteGlobalIDString = A7B0C2F128D379BF0043C5EF;
			remoteInfo = Chirpr;
		};
		A7B0C30D28D379C00043C5EF /* PBXContainerItemProxy */ = {
			isa = PBXContainerItemProxy;
			containerPortal = A7B0C2EA28D379BF0043C5EF /* Project object */;
			proxyType = 1;
			remoteGlobalIDString = A7B0C2F128D379BF0043C5EF;
			remoteInfo = Chirpr;
		};
/* End PBXContainerItemProxy section */

/* Begin PBXFileReference section */
		A716780828D47F0100FC888A /* ChirpFilterViewModel.swift */ = {isa = PBXFileReference; lastKnownFileType = sourcecode.swift; path = ChirpFilterViewModel.swift; sourceTree = "<group>"; };
		A727FD6828D4F6C900C5E170 /* SideMenuOptionRowView.swift */ = {isa = PBXFileReference; lastKnownFileType = sourcecode.swift; path = SideMenuOptionRowView.swift; sourceTree = "<group>"; };
		A727FD6F28D6112C00C5E170 /* TextArea.swift */ = {isa = PBXFileReference; lastKnownFileType = sourcecode.swift; path = TextArea.swift; sourceTree = "<group>"; };
		A727FD7128D8C47F00C5E170 /* NewChirpView.swift */ = {isa = PBXFileReference; fileEncoding = 4; lastKnownFileType = sourcecode.swift; path = NewChirpView.swift; sourceTree = "<group>"; };
		A727FD7628D8DC5200C5E170 /* LoginView.swift */ = {isa = PBXFileReference; lastKnownFileType = sourcecode.swift; path = LoginView.swift; sourceTree = "<group>"; };
		A727FD7828D8DC6000C5E170 /* RegistrationView.swift */ = {isa = PBXFileReference; lastKnownFileType = sourcecode.swift; path = RegistrationView.swift; sourceTree = "<group>"; };
		A727FD7A28D8DD6C00C5E170 /* RoundedShape.swift */ = {isa = PBXFileReference; lastKnownFileType = sourcecode.swift; path = RoundedShape.swift; sourceTree = "<group>"; };
		A727FD7C28DA155E00C5E170 /* CustomInputFields.swift */ = {isa = PBXFileReference; lastKnownFileType = sourcecode.swift; path = CustomInputFields.swift; sourceTree = "<group>"; };
		A727FD7F28DAF75700C5E170 /* AuthHeaderView.swift */ = {isa = PBXFileReference; lastKnownFileType = sourcecode.swift; path = AuthHeaderView.swift; sourceTree = "<group>"; };
		A727FD8128DB649F00C5E170 /* GoogleService-Info.plist */ = {isa = PBXFileReference; fileEncoding = 4; lastKnownFileType = text.plist.xml; path = "GoogleService-Info.plist"; sourceTree = "<group>"; };
		A727FD8C28DB681A00C5E170 /* AuthViewModel.swift */ = {isa = PBXFileReference; lastKnownFileType = sourcecode.swift; path = AuthViewModel.swift; sourceTree = "<group>"; };
		A76B789A28E6E17400D12C01 /* UploadChirpViewModel.swift */ = {isa = PBXFileReference; lastKnownFileType = sourcecode.swift; path = UploadChirpViewModel.swift; sourceTree = "<group>"; };
		A76B789C28E7480500D12C01 /* FeedViewModel.swift */ = {isa = PBXFileReference; lastKnownFileType = sourcecode.swift; path = FeedViewModel.swift; sourceTree = "<group>"; };
		A76B789E28E748EF00D12C01 /* Chirp.swift */ = {isa = PBXFileReference; lastKnownFileType = sourcecode.swift; path = Chirp.swift; sourceTree = "<group>"; };
		A79EE56528E062210040C028 /* UserService.swift */ = {isa = PBXFileReference; lastKnownFileType = sourcecode.swift; path = UserService.swift; sourceTree = "<group>"; };
		A79EE56728E067D70040C028 /* User.swift */ = {isa = PBXFileReference; lastKnownFileType = sourcecode.swift; path = User.swift; sourceTree = "<group>"; };
		A7B0C2F228D379BF0043C5EF /* Chirpr.app */ = {isa = PBXFileReference; explicitFileType = wrapper.application; includeInIndex = 0; path = Chirpr.app; sourceTree = BUILT_PRODUCTS_DIR; };
		A7B0C2F528D379BF0043C5EF /* ChirprApp.swift */ = {isa = PBXFileReference; lastKnownFileType = sourcecode.swift; path = ChirprApp.swift; sourceTree = "<group>"; };
		A7B0C2F728D379BF0043C5EF /* ContentView.swift */ = {isa = PBXFileReference; lastKnownFileType = sourcecode.swift; path = ContentView.swift; sourceTree = "<group>"; };
		A7B0C2F928D379BF0043C5EF /* Assets.xcassets */ = {isa = PBXFileReference; lastKnownFileType = folder.assetcatalog; path = Assets.xcassets; sourceTree = "<group>"; };
		A7B0C2FC28D379BF0043C5EF /* Preview Assets.xcassets */ = {isa = PBXFileReference; lastKnownFileType = folder.assetcatalog; path = "Preview Assets.xcassets"; sourceTree = "<group>"; };
		A7B0C30228D379BF0043C5EF /* ChirprTests.xctest */ = {isa = PBXFileReference; explicitFileType = wrapper.cfbundle; includeInIndex = 0; path = ChirprTests.xctest; sourceTree = BUILT_PRODUCTS_DIR; };
		A7B0C30628D379C00043C5EF /* ChirprTests.swift */ = {isa = PBXFileReference; lastKnownFileType = sourcecode.swift; path = ChirprTests.swift; sourceTree = "<group>"; };
		A7B0C30C28D379C00043C5EF /* ChirprUITests.xctest */ = {isa = PBXFileReference; explicitFileType = wrapper.cfbundle; includeInIndex = 0; path = ChirprUITests.xctest; sourceTree = BUILT_PRODUCTS_DIR; };
		A7B0C31028D379C00043C5EF /* ChirprUITests.swift */ = {isa = PBXFileReference; lastKnownFileType = sourcecode.swift; path = ChirprUITests.swift; sourceTree = "<group>"; };
		A7B0C31228D379C00043C5EF /* ChirprUITestsLaunchTests.swift */ = {isa = PBXFileReference; lastKnownFileType = sourcecode.swift; path = ChirprUITestsLaunchTests.swift; sourceTree = "<group>"; };
		A7B0C32928D37A6A0043C5EF /* FeedView.swift */ = {isa = PBXFileReference; lastKnownFileType = sourcecode.swift; path = FeedView.swift; sourceTree = "<group>"; };
		A7B0C32C28D37AD20043C5EF /* ChirpRowView.swift */ = {isa = PBXFileReference; lastKnownFileType = sourcecode.swift; path = ChirpRowView.swift; sourceTree = "<group>"; };
		A7B0C32F28D383E20043C5EF /* MainTabView.swift */ = {isa = PBXFileReference; lastKnownFileType = sourcecode.swift; path = MainTabView.swift; sourceTree = "<group>"; };
		A7B0C33728D3851D0043C5EF /* ExploreView.swift */ = {isa = PBXFileReference; lastKnownFileType = sourcecode.swift; path = ExploreView.swift; sourceTree = "<group>"; };
		A7B0C33928D3852F0043C5EF /* NotificationsView.swift */ = {isa = PBXFileReference; lastKnownFileType = sourcecode.swift; path = NotificationsView.swift; sourceTree = "<group>"; };
		A7B0C33B28D3853A0043C5EF /* MessagesView.swift */ = {isa = PBXFileReference; lastKnownFileType = sourcecode.swift; path = MessagesView.swift; sourceTree = "<group>"; };
		A7B0C33F28D475490043C5EF /* ProfileView.swift */ = {isa = PBXFileReference; lastKnownFileType = sourcecode.swift; path = ProfileView.swift; sourceTree = "<group>"; };
		A7BFA8BC28D487CA00BCD3D7 /* UserRowView.swift */ = {isa = PBXFileReference; lastKnownFileType = sourcecode.swift; path = UserRowView.swift; sourceTree = "<group>"; };
		A7BFA8C128D4DBDC00BCD3D7 /* SideMenuView.swift */ = {isa = PBXFileReference; lastKnownFileType = sourcecode.swift; path = SideMenuView.swift; sourceTree = "<group>"; };
		A7BFA8C328D4DBEB00BCD3D7 /* SideMenuRowView.swift */ = {isa = PBXFileReference; lastKnownFileType = sourcecode.swift; path = SideMenuRowView.swift; sourceTree = "<group>"; };
		A7BFA8C528D4DC0400BCD3D7 /* SideMenuViewModel.swift */ = {isa = PBXFileReference; lastKnownFileType = sourcecode.swift; path = SideMenuViewModel.swift; sourceTree = "<group>"; };
		A7BFA8C728D4E1D800BCD3D7 /* UserStatsView.swift */ = {isa = PBXFileReference; lastKnownFileType = sourcecode.swift; path = UserStatsView.swift; sourceTree = "<group>"; };
		A7F302AF28E332CB009F10EB /* ExploreViewModel.swift */ = {isa = PBXFileReference; lastKnownFileType = sourcecode.swift; path = ExploreViewModel.swift; sourceTree = "<group>"; };
		A7F302B128E6DF9F009F10EB /* ChirpService.swift */ = {isa = PBXFileReference; lastKnownFileType = sourcecode.swift; path = ChirpService.swift; sourceTree = "<group>"; };
/* End PBXFileReference section */

/* Begin PBXFrameworksBuildPhase section */
		A7B0C2EF28D379BF0043C5EF /* Frameworks */ = {
			isa = PBXFrameworksBuildPhase;
			buildActionMask = 2147483647;
			files = (
				A727FD8528DB667E00C5E170 /* FirebaseAuth in Frameworks */,
				A727FD8B28DB667E00C5E170 /* FirebaseStorage in Frameworks */,
				A727FD8728DB667E00C5E170 /* FirebaseFirestore in Frameworks */,
				A727FD8928DB667E00C5E170 /* FirebaseFirestoreSwift in Frameworks */,
			);
			runOnlyForDeploymentPostprocessing = 0;
		};
		A7B0C2FF28D379BF0043C5EF /* Frameworks */ = {
			isa = PBXFrameworksBuildPhase;
			buildActionMask = 2147483647;
			files = (
			);
			runOnlyForDeploymentPostprocessing = 0;
		};
		A7B0C30928D379C00043C5EF /* Frameworks */ = {
			isa = PBXFrameworksBuildPhase;
			buildActionMask = 2147483647;
			files = (
			);
			runOnlyForDeploymentPostprocessing = 0;
		};
/* End PBXFrameworksBuildPhase section */

/* Begin PBXGroup section */
		A727FD6A28D6104800C5E170 /* UploadChirp */ = {
			isa = PBXGroup;
			children = (
				A727FD6C28D6105800C5E170 /* ViewModels */,
				A727FD6B28D6105300C5E170 /* Views */,
			);
			path = UploadChirp;
			sourceTree = "<group>";
		};
		A727FD6B28D6105300C5E170 /* Views */ = {
			isa = PBXGroup;
			children = (
				A727FD7128D8C47F00C5E170 /* NewChirpView.swift */,
			);
			path = Views;
			sourceTree = "<group>";
		};
		A727FD6C28D6105800C5E170 /* ViewModels */ = {
			isa = PBXGroup;
			children = (
				A76B789A28E6E17400D12C01 /* UploadChirpViewModel.swift */,
			);
			path = ViewModels;
			sourceTree = "<group>";
		};
		A727FD7328D8DC3D00C5E170 /* Authentication */ = {
			isa = PBXGroup;
			children = (
				A727FD7528D8DC4600C5E170 /* ViewModels */,
				A727FD7428D8DC4300C5E170 /* Views */,
			);
			path = Authentication;
			sourceTree = "<group>";
		};
		A727FD7428D8DC4300C5E170 /* Views */ = {
			isa = PBXGroup;
			children = (
				A727FD7628D8DC5200C5E170 /* LoginView.swift */,
				A727FD7828D8DC6000C5E170 /* RegistrationView.swift */,
			);
			path = Views;
			sourceTree = "<group>";
		};
		A727FD7528D8DC4600C5E170 /* ViewModels */ = {
			isa = PBXGroup;
			children = (
				A727FD8C28DB681A00C5E170 /* AuthViewModel.swift */,
			);
			path = ViewModels;
			sourceTree = "<group>";
		};
		A727FD7E28DAF74C00C5E170 /* Authentication */ = {
			isa = PBXGroup;
			children = (
				A727FD7F28DAF75700C5E170 /* AuthHeaderView.swift */,
			);
			path = Authentication;
			sourceTree = "<group>";
		};
		A7B0C2E928D379BF0043C5EF = {
			isa = PBXGroup;
			children = (
				A7B0C2F428D379BF0043C5EF /* Chirpr */,
				A7B0C30528D379BF0043C5EF /* ChirprTests */,
				A7B0C30F28D379C00043C5EF /* ChirprUITests */,
				A7B0C2F328D379BF0043C5EF /* Products */,
			);
			sourceTree = "<group>";
		};
		A7B0C2F328D379BF0043C5EF /* Products */ = {
			isa = PBXGroup;
			children = (
				A7B0C2F228D379BF0043C5EF /* Chirpr.app */,
				A7B0C30228D379BF0043C5EF /* ChirprTests.xctest */,
				A7B0C30C28D379C00043C5EF /* ChirprUITests.xctest */,
			);
			name = Products;
			sourceTree = "<group>";
		};
		A7B0C2F428D379BF0043C5EF /* Chirpr */ = {
			isa = PBXGroup;
			children = (
				A7B0C32028D379DE0043C5EF /* Extensions */,
				A7B0C31F28D379D00043C5EF /* Model */,
				A7B0C32128D379E00043C5EF /* Services */,
				A7B0C32228D379E10043C5EF /* Core */,
				A7B0C2F528D379BF0043C5EF /* ChirprApp.swift */,
				A7B0C2F728D379BF0043C5EF /* ContentView.swift */,
				A7B0C2F928D379BF0043C5EF /* Assets.xcassets */,
				A727FD8128DB649F00C5E170 /* GoogleService-Info.plist */,
				A7B0C2FB28D379BF0043C5EF /* Preview Content */,
			);
			path = Chirpr;
			sourceTree = "<group>";
		};
		A7B0C2FB28D379BF0043C5EF /* Preview Content */ = {
			isa = PBXGroup;
			children = (
				A7B0C2FC28D379BF0043C5EF /* Preview Assets.xcassets */,
			);
			path = "Preview Content";
			sourceTree = "<group>";
		};
		A7B0C30528D379BF0043C5EF /* ChirprTests */ = {
			isa = PBXGroup;
			children = (
				A7B0C30628D379C00043C5EF /* ChirprTests.swift */,
			);
			path = ChirprTests;
			sourceTree = "<group>";
		};
		A7B0C30F28D379C00043C5EF /* ChirprUITests */ = {
			isa = PBXGroup;
			children = (
				A7B0C31028D379C00043C5EF /* ChirprUITests.swift */,
				A7B0C31228D379C00043C5EF /* ChirprUITestsLaunchTests.swift */,
			);
			path = ChirprUITests;
			sourceTree = "<group>";
		};
		A7B0C31F28D379D00043C5EF /* Model */ = {
			isa = PBXGroup;
			children = (
				A79EE56728E067D70040C028 /* User.swift */,
				A76B789E28E748EF00D12C01 /* Chirp.swift */,
			);
			path = Model;
			sourceTree = "<group>";
		};
		A7B0C32028D379DE0043C5EF /* Extensions */ = {
			isa = PBXGroup;
			children = (
			);
			path = Extensions;
			sourceTree = "<group>";
		};
		A7B0C32128D379E00043C5EF /* Services */ = {
			isa = PBXGroup;
			children = (
				A79EE56528E062210040C028 /* UserService.swift */,
				A7F302B128E6DF9F009F10EB /* ChirpService.swift */,
			);
			path = Services;
			sourceTree = "<group>";
		};
		A7B0C32228D379E10043C5EF /* Core */ = {
			isa = PBXGroup;
			children = (
				A727FD7328D8DC3D00C5E170 /* Authentication */,
				A727FD6A28D6104800C5E170 /* UploadChirp */,
				A7B0C32328D379ED0043C5EF /* Components */,
				A7B0C32E28D383C70043C5EF /* MainTab */,
				A7B0C32428D379F30043C5EF /* Feed */,
				A7B0C33128D384B50043C5EF /* Explore */,
				A7B0C33428D384BC0043C5EF /* Notifications */,
				A7B0C33528D384BE0043C5EF /* Messages */,
				A7BFA8BE28D4DBA600BCD3D7 /* SideMenu */,
				A7B0C33628D384D40043C5EF /* Profile */,
			);
			path = Core;
			sourceTree = "<group>";
		};
		A7B0C32328D379ED0043C5EF /* Components */ = {
			isa = PBXGroup;
			children = (
				A727FD7E28DAF74C00C5E170 /* Authentication */,
				A7BFA8BB28D487C000BCD3D7 /* Users */,
				A7B0C32B28D37AAE0043C5EF /* Chirps */,
				A727FD6F28D6112C00C5E170 /* TextArea.swift */,
				A727FD7A28D8DD6C00C5E170 /* RoundedShape.swift */,
				A727FD7C28DA155E00C5E170 /* CustomInputFields.swift */,
			);
			path = Components;
			sourceTree = "<group>";
		};
		A7B0C32428D379F30043C5EF /* Feed */ = {
			isa = PBXGroup;
			children = (
				A7B0C32528D37A390043C5EF /* ViewModels */,
				A7B0C32628D37A3F0043C5EF /* Views */,
			);
			path = Feed;
			sourceTree = "<group>";
		};
		A7B0C32528D37A390043C5EF /* ViewModels */ = {
			isa = PBXGroup;
			children = (
				A76B789C28E7480500D12C01 /* FeedViewModel.swift */,
			);
			path = ViewModels;
			sourceTree = "<group>";
		};
		A7B0C32628D37A3F0043C5EF /* Views */ = {
			isa = PBXGroup;
			children = (
				A7B0C32928D37A6A0043C5EF /* FeedView.swift */,
			);
			path = Views;
			sourceTree = "<group>";
		};
		A7B0C32B28D37AAE0043C5EF /* Chirps */ = {
			isa = PBXGroup;
			children = (
				A7B0C32C28D37AD20043C5EF /* ChirpRowView.swift */,
			);
			path = Chirps;
			sourceTree = "<group>";
		};
		A7B0C32E28D383C70043C5EF /* MainTab */ = {
			isa = PBXGroup;
			children = (
				A7B0C32F28D383E20043C5EF /* MainTabView.swift */,
			);
			path = MainTab;
			sourceTree = "<group>";
		};
		A7B0C33128D384B50043C5EF /* Explore */ = {
			isa = PBXGroup;
			children = (
				A7F302AE28E332BE009F10EB /* ViewModels */,
				A7F302AD28E332BA009F10EB /* Views */,
			);
			path = Explore;
			sourceTree = "<group>";
		};
		A7B0C33428D384BC0043C5EF /* Notifications */ = {
			isa = PBXGroup;
			children = (
				A7B0C33928D3852F0043C5EF /* NotificationsView.swift */,
			);
			path = Notifications;
			sourceTree = "<group>";
		};
		A7B0C33528D384BE0043C5EF /* Messages */ = {
			isa = PBXGroup;
			children = (
				A7B0C33B28D3853A0043C5EF /* MessagesView.swift */,
			);
			path = Messages;
			sourceTree = "<group>";
		};
		A7B0C33628D384D40043C5EF /* Profile */ = {
			isa = PBXGroup;
			children = (
				A7B0C33D28D4752C0043C5EF /* ViewModels */,
				A7B0C33E28D475350043C5EF /* Views */,
			);
			path = Profile;
			sourceTree = "<group>";
		};
		A7B0C33D28D4752C0043C5EF /* ViewModels */ = {
			isa = PBXGroup;
			children = (
				A716780828D47F0100FC888A /* ChirpFilterViewModel.swift */,
			);
			path = ViewModels;
			sourceTree = "<group>";
		};
		A7B0C33E28D475350043C5EF /* Views */ = {
			isa = PBXGroup;
			children = (
				A7B0C33F28D475490043C5EF /* ProfileView.swift */,
			);
			path = Views;
			sourceTree = "<group>";
		};
		A7BFA8BB28D487C000BCD3D7 /* Users */ = {
			isa = PBXGroup;
			children = (
				A7BFA8BC28D487CA00BCD3D7 /* UserRowView.swift */,
				A7BFA8C728D4E1D800BCD3D7 /* UserStatsView.swift */,
			);
			path = Users;
			sourceTree = "<group>";
		};
		A7BFA8BE28D4DBA600BCD3D7 /* SideMenu */ = {
			isa = PBXGroup;
			children = (
				A7BFA8BF28D4DBBC00BCD3D7 /* ViewModels */,
				A7BFA8C028D4DBC100BCD3D7 /* Views */,
			);
			path = SideMenu;
			sourceTree = "<group>";
		};
		A7BFA8BF28D4DBBC00BCD3D7 /* ViewModels */ = {
			isa = PBXGroup;
			children = (
				A7BFA8C528D4DC0400BCD3D7 /* SideMenuViewModel.swift */,
			);
			path = ViewModels;
			sourceTree = "<group>";
		};
		A7BFA8C028D4DBC100BCD3D7 /* Views */ = {
			isa = PBXGroup;
			children = (
				A7BFA8C128D4DBDC00BCD3D7 /* SideMenuView.swift */,
				A7BFA8C328D4DBEB00BCD3D7 /* SideMenuRowView.swift */,
				A727FD6828D4F6C900C5E170 /* SideMenuOptionRowView.swift */,
			);
			path = Views;
			sourceTree = "<group>";
		};
		A7F302AD28E332BA009F10EB /* Views */ = {
			isa = PBXGroup;
			children = (
				A7B0C33728D3851D0043C5EF /* ExploreView.swift */,
			);
			path = Views;
			sourceTree = "<group>";
		};
		A7F302AE28E332BE009F10EB /* ViewModels */ = {
			isa = PBXGroup;
			children = (
				A7F302AF28E332CB009F10EB /* ExploreViewModel.swift */,
			);
			path = ViewModels;
			sourceTree = "<group>";
		};
/* End PBXGroup section */

/* Begin PBXNativeTarget section */
		A7B0C2F128D379BF0043C5EF /* Chirpr */ = {
			isa = PBXNativeTarget;
			buildConfigurationList = A7B0C31628D379C00043C5EF /* Build configuration list for PBXNativeTarget "Chirpr" */;
			buildPhases = (
				A7B0C2EE28D379BF0043C5EF /* Sources */,
				A7B0C2EF28D379BF0043C5EF /* Frameworks */,
				A7B0C2F028D379BF0043C5EF /* Resources */,
			);
			buildRules = (
			);
			dependencies = (
			);
			name = Chirpr;
			packageProductDependencies = (
				A727FD8428DB667E00C5E170 /* FirebaseAuth */,
				A727FD8628DB667E00C5E170 /* FirebaseFirestore */,
				A727FD8828DB667E00C5E170 /* FirebaseFirestoreSwift */,
				A727FD8A28DB667E00C5E170 /* FirebaseStorage */,
			);
			productName = Chirpr;
			productReference = A7B0C2F228D379BF0043C5EF /* Chirpr.app */;
			productType = "com.apple.product-type.application";
		};
		A7B0C30128D379BF0043C5EF /* ChirprTests */ = {
			isa = PBXNativeTarget;
			buildConfigurationList = A7B0C31928D379C00043C5EF /* Build configuration list for PBXNativeTarget "ChirprTests" */;
			buildPhases = (
				A7B0C2FE28D379BF0043C5EF /* Sources */,
				A7B0C2FF28D379BF0043C5EF /* Frameworks */,
				A7B0C30028D379BF0043C5EF /* Resources */,
			);
			buildRules = (
			);
			dependencies = (
				A7B0C30428D379BF0043C5EF /* PBXTargetDependency */,
			);
			name = ChirprTests;
			productName = ChirprTests;
			productReference = A7B0C30228D379BF0043C5EF /* ChirprTests.xctest */;
			productType = "com.apple.product-type.bundle.unit-test";
		};
		A7B0C30B28D379C00043C5EF /* ChirprUITests */ = {
			isa = PBXNativeTarget;
			buildConfigurationList = A7B0C31C28D379C00043C5EF /* Build configuration list for PBXNativeTarget "ChirprUITests" */;
			buildPhases = (
				A7B0C30828D379C00043C5EF /* Sources */,
				A7B0C30928D379C00043C5EF /* Frameworks */,
				A7B0C30A28D379C00043C5EF /* Resources */,
			);
			buildRules = (
			);
			dependencies = (
				A7B0C30E28D379C00043C5EF /* PBXTargetDependency */,
			);
			name = ChirprUITests;
			productName = ChirprUITests;
			productReference = A7B0C30C28D379C00043C5EF /* ChirprUITests.xctest */;
			productType = "com.apple.product-type.bundle.ui-testing";
		};
/* End PBXNativeTarget section */

/* Begin PBXProject section */
		A7B0C2EA28D379BF0043C5EF /* Project object */ = {
			isa = PBXProject;
			attributes = {
				BuildIndependentTargetsInParallel = 1;
				LastSwiftUpdateCheck = 1400;
				LastUpgradeCheck = 1400;
				TargetAttributes = {
					A7B0C2F128D379BF0043C5EF = {
						CreatedOnToolsVersion = 14.0;
					};
					A7B0C30128D379BF0043C5EF = {
						CreatedOnToolsVersion = 14.0;
						TestTargetID = A7B0C2F128D379BF0043C5EF;
					};
					A7B0C30B28D379C00043C5EF = {
						CreatedOnToolsVersion = 14.0;
						TestTargetID = A7B0C2F128D379BF0043C5EF;
					};
				};
			};
			buildConfigurationList = A7B0C2ED28D379BF0043C5EF /* Build configuration list for PBXProject "Chirpr" */;
			compatibilityVersion = "Xcode 14.0";
			developmentRegion = en;
			hasScannedForEncodings = 0;
			knownRegions = (
				en,
				Base,
			);
			mainGroup = A7B0C2E928D379BF0043C5EF;
			packageReferences = (
				A727FD8328DB667E00C5E170 /* XCRemoteSwiftPackageReference "firebase-ios-sdk" */,
			);
			productRefGroup = A7B0C2F328D379BF0043C5EF /* Products */;
			projectDirPath = "";
			projectRoot = "";
			targets = (
				A7B0C2F128D379BF0043C5EF /* Chirpr */,
				A7B0C30128D379BF0043C5EF /* ChirprTests */,
				A7B0C30B28D379C00043C5EF /* ChirprUITests */,
			);
		};
/* End PBXProject section */

/* Begin PBXResourcesBuildPhase section */
		A7B0C2F028D379BF0043C5EF /* Resources */ = {
			isa = PBXResourcesBuildPhase;
			buildActionMask = 2147483647;
			files = (
				A7B0C2FD28D379BF0043C5EF /* Preview Assets.xcassets in Resources */,
				A7B0C2FA28D379BF0043C5EF /* Assets.xcassets in Resources */,
				A727FD8228DB649F00C5E170 /* GoogleService-Info.plist in Resources */,
			);
			runOnlyForDeploymentPostprocessing = 0;
		};
		A7B0C30028D379BF0043C5EF /* Resources */ = {
			isa = PBXResourcesBuildPhase;
			buildActionMask = 2147483647;
			files = (
			);
			runOnlyForDeploymentPostprocessing = 0;
		};
		A7B0C30A28D379C00043C5EF /* Resources */ = {
			isa = PBXResourcesBuildPhase;
			buildActionMask = 2147483647;
			files = (
			);
			runOnlyForDeploymentPostprocessing = 0;
		};
/* End PBXResourcesBuildPhase section */

/* Begin PBXSourcesBuildPhase section */
		A7B0C2EE28D379BF0043C5EF /* Sources */ = {
			isa = PBXSourcesBuildPhase;
			buildActionMask = 2147483647;
			files = (
				A79EE56828E067D70040C028 /* User.swift in Sources */,
				A727FD7D28DA155E00C5E170 /* CustomInputFields.swift in Sources */,
				A79EE56628E062210040C028 /* UserService.swift in Sources */,
				A7B0C33C28D3853A0043C5EF /* MessagesView.swift in Sources */,
				A7B0C34028D475490043C5EF /* ProfileView.swift in Sources */,
				A7B0C2F828D379BF0043C5EF /* ContentView.swift in Sources */,
				A7BFA8C428D4DBEB00BCD3D7 /* SideMenuRowView.swift in Sources */,
				A7B0C32A28D37A6A0043C5EF /* FeedView.swift in Sources */,
				A7B0C32D28D37AD20043C5EF /* ChirpRowView.swift in Sources */,
				A727FD7228D8C47F00C5E170 /* NewChirpView.swift in Sources */,
				A727FD7028D6112C00C5E170 /* TextArea.swift in Sources */,
				A76B789B28E6E17400D12C01 /* UploadChirpViewModel.swift in Sources */,
				A7B0C2F628D379BF0043C5EF /* ChirprApp.swift in Sources */,
				A7BFA8C228D4DBDC00BCD3D7 /* SideMenuView.swift in Sources */,
				A7B0C33828D3851D0043C5EF /* ExploreView.swift in Sources */,
				A716780928D47F0100FC888A /* ChirpFilterViewModel.swift in Sources */,
				A7BFA8C628D4DC0400BCD3D7 /* SideMenuViewModel.swift in Sources */,
				A7BFA8BD28D487CA00BCD3D7 /* UserRowView.swift in Sources */,
				A727FD7B28D8DD6C00C5E170 /* RoundedShape.swift in Sources */,
				A727FD6928D4F6C900C5E170 /* SideMenuOptionRowView.swift in Sources */,
				A76B789D28E7480500D12C01 /* FeedViewModel.swift in Sources */,
				A7B0C33028D383E20043C5EF /* MainTabView.swift in Sources */,
				A76B789F28E748EF00D12C01 /* Chirp.swift in Sources */,
				A7F302B228E6DF9F009F10EB /* ChirpService.swift in Sources */,
				A727FD7728D8DC5200C5E170 /* LoginView.swift in Sources */,
				A7B0C33A28D3852F0043C5EF /* NotificationsView.swift in Sources */,
				A727FD8D28DB681A00C5E170 /* AuthViewModel.swift in Sources */,
				A727FD8028DAF75700C5E170 /* AuthHeaderView.swift in Sources */,
				A7F302B028E332CB009F10EB /* ExploreViewModel.swift in Sources */,
				A7BFA8C828D4E1D800BCD3D7 /* UserStatsView.swift in Sources */,
				A727FD7928D8DC6000C5E170 /* RegistrationView.swift in Sources */,
			);
			runOnlyForDeploymentPostprocessing = 0;
		};
		A7B0C2FE28D379BF0043C5EF /* Sources */ = {
			isa = PBXSourcesBuildPhase;
			buildActionMask = 2147483647;
			files = (
				A7B0C30728D379C00043C5EF /* ChirprTests.swift in Sources */,
			);
			runOnlyForDeploymentPostprocessing = 0;
		};
		A7B0C30828D379C00043C5EF /* Sources */ = {
			isa = PBXSourcesBuildPhase;
			buildActionMask = 2147483647;
			files = (
				A7B0C31328D379C00043C5EF /* ChirprUITestsLaunchTests.swift in Sources */,
				A7B0C31128D379C00043C5EF /* ChirprUITests.swift in Sources */,
			);
			runOnlyForDeploymentPostprocessing = 0;
		};
/* End PBXSourcesBuildPhase section */

/* Begin PBXTargetDependency section */
		A7B0C30428D379BF0043C5EF /* PBXTargetDependency */ = {
			isa = PBXTargetDependency;
			target = A7B0C2F128D379BF0043C5EF /* Chirpr */;
			targetProxy = A7B0C30328D379BF0043C5EF /* PBXContainerItemProxy */;
		};
		A7B0C30E28D379C00043C5EF /* PBXTargetDependency */ = {
			isa = PBXTargetDependency;
			target = A7B0C2F128D379BF0043C5EF /* Chirpr */;
			targetProxy = A7B0C30D28D379C00043C5EF /* PBXContainerItemProxy */;
		};
/* End PBXTargetDependency section */

/* Begin XCBuildConfiguration section */
		A7B0C31428D379C00043C5EF /* Debug */ = {
			isa = XCBuildConfiguration;
			buildSettings = {
				ALWAYS_SEARCH_USER_PATHS = NO;
				CLANG_ANALYZER_NONNULL = YES;
				CLANG_ANALYZER_NUMBER_OBJECT_CONVERSION = YES_AGGRESSIVE;
				CLANG_CXX_LANGUAGE_STANDARD = "gnu++20";
				CLANG_ENABLE_MODULES = YES;
				CLANG_ENABLE_OBJC_ARC = YES;
				CLANG_ENABLE_OBJC_WEAK = YES;
				CLANG_WARN_BLOCK_CAPTURE_AUTORELEASING = YES;
				CLANG_WARN_BOOL_CONVERSION = YES;
				CLANG_WARN_COMMA = YES;
				CLANG_WARN_CONSTANT_CONVERSION = YES;
				CLANG_WARN_DEPRECATED_OBJC_IMPLEMENTATIONS = YES;
				CLANG_WARN_DIRECT_OBJC_ISA_USAGE = YES_ERROR;
				CLANG_WARN_DOCUMENTATION_COMMENTS = YES;
				CLANG_WARN_EMPTY_BODY = YES;
				CLANG_WARN_ENUM_CONVERSION = YES;
				CLANG_WARN_INFINITE_RECURSION = YES;
				CLANG_WARN_INT_CONVERSION = YES;
				CLANG_WARN_NON_LITERAL_NULL_CONVERSION = YES;
				CLANG_WARN_OBJC_IMPLICIT_RETAIN_SELF = YES;
				CLANG_WARN_OBJC_LITERAL_CONVERSION = YES;
				CLANG_WARN_OBJC_ROOT_CLASS = YES_ERROR;
				CLANG_WARN_QUOTED_INCLUDE_IN_FRAMEWORK_HEADER = YES;
				CLANG_WARN_RANGE_LOOP_ANALYSIS = YES;
				CLANG_WARN_STRICT_PROTOTYPES = YES;
				CLANG_WARN_SUSPICIOUS_MOVE = YES;
				CLANG_WARN_UNGUARDED_AVAILABILITY = YES_AGGRESSIVE;
				CLANG_WARN_UNREACHABLE_CODE = YES;
				CLANG_WARN__DUPLICATE_METHOD_MATCH = YES;
				COPY_PHASE_STRIP = NO;
				DEBUG_INFORMATION_FORMAT = dwarf;
				ENABLE_STRICT_OBJC_MSGSEND = YES;
				ENABLE_TESTABILITY = YES;
				GCC_C_LANGUAGE_STANDARD = gnu11;
				GCC_DYNAMIC_NO_PIC = NO;
				GCC_NO_COMMON_BLOCKS = YES;
				GCC_OPTIMIZATION_LEVEL = 0;
				GCC_PREPROCESSOR_DEFINITIONS = (
					"DEBUG=1",
					"$(inherited)",
				);
				GCC_WARN_64_TO_32_BIT_CONVERSION = YES;
				GCC_WARN_ABOUT_RETURN_TYPE = YES_ERROR;
				GCC_WARN_UNDECLARED_SELECTOR = YES;
				GCC_WARN_UNINITIALIZED_AUTOS = YES_AGGRESSIVE;
				GCC_WARN_UNUSED_FUNCTION = YES;
				GCC_WARN_UNUSED_VARIABLE = YES;
				IPHONEOS_DEPLOYMENT_TARGET = 16.0;
				MTL_ENABLE_DEBUG_INFO = INCLUDE_SOURCE;
				MTL_FAST_MATH = YES;
				ONLY_ACTIVE_ARCH = YES;
				SDKROOT = iphoneos;
				SWIFT_ACTIVE_COMPILATION_CONDITIONS = DEBUG;
				SWIFT_OPTIMIZATION_LEVEL = "-Onone";
			};
			name = Debug;
		};
		A7B0C31528D379C00043C5EF /* Release */ = {
			isa = XCBuildConfiguration;
			buildSettings = {
				ALWAYS_SEARCH_USER_PATHS = NO;
				CLANG_ANALYZER_NONNULL = YES;
				CLANG_ANALYZER_NUMBER_OBJECT_CONVERSION = YES_AGGRESSIVE;
				CLANG_CXX_LANGUAGE_STANDARD = "gnu++20";
				CLANG_ENABLE_MODULES = YES;
				CLANG_ENABLE_OBJC_ARC = YES;
				CLANG_ENABLE_OBJC_WEAK = YES;
				CLANG_WARN_BLOCK_CAPTURE_AUTORELEASING = YES;
				CLANG_WARN_BOOL_CONVERSION = YES;
				CLANG_WARN_COMMA = YES;
				CLANG_WARN_CONSTANT_CONVERSION = YES;
				CLANG_WARN_DEPRECATED_OBJC_IMPLEMENTATIONS = YES;
				CLANG_WARN_DIRECT_OBJC_ISA_USAGE = YES_ERROR;
				CLANG_WARN_DOCUMENTATION_COMMENTS = YES;
				CLANG_WARN_EMPTY_BODY = YES;
				CLANG_WARN_ENUM_CONVERSION = YES;
				CLANG_WARN_INFINITE_RECURSION = YES;
				CLANG_WARN_INT_CONVERSION = YES;
				CLANG_WARN_NON_LITERAL_NULL_CONVERSION = YES;
				CLANG_WARN_OBJC_IMPLICIT_RETAIN_SELF = YES;
				CLANG_WARN_OBJC_LITERAL_CONVERSION = YES;
				CLANG_WARN_OBJC_ROOT_CLASS = YES_ERROR;
				CLANG_WARN_QUOTED_INCLUDE_IN_FRAMEWORK_HEADER = YES;
				CLANG_WARN_RANGE_LOOP_ANALYSIS = YES;
				CLANG_WARN_STRICT_PROTOTYPES = YES;
				CLANG_WARN_SUSPICIOUS_MOVE = YES;
				CLANG_WARN_UNGUARDED_AVAILABILITY = YES_AGGRESSIVE;
				CLANG_WARN_UNREACHABLE_CODE = YES;
				CLANG_WARN__DUPLICATE_METHOD_MATCH = YES;
				COPY_PHASE_STRIP = NO;
				DEBUG_INFORMATION_FORMAT = "dwarf-with-dsym";
				ENABLE_NS_ASSERTIONS = NO;
				ENABLE_STRICT_OBJC_MSGSEND = YES;
				GCC_C_LANGUAGE_STANDARD = gnu11;
				GCC_NO_COMMON_BLOCKS = YES;
				GCC_WARN_64_TO_32_BIT_CONVERSION = YES;
				GCC_WARN_ABOUT_RETURN_TYPE = YES_ERROR;
				GCC_WARN_UNDECLARED_SELECTOR = YES;
				GCC_WARN_UNINITIALIZED_AUTOS = YES_AGGRESSIVE;
				GCC_WARN_UNUSED_FUNCTION = YES;
				GCC_WARN_UNUSED_VARIABLE = YES;
				IPHONEOS_DEPLOYMENT_TARGET = 16.0;
				MTL_ENABLE_DEBUG_INFO = NO;
				MTL_FAST_MATH = YES;
				SDKROOT = iphoneos;
				SWIFT_COMPILATION_MODE = wholemodule;
				SWIFT_OPTIMIZATION_LEVEL = "-O";
				VALIDATE_PRODUCT = YES;
			};
			name = Release;
		};
		A7B0C31728D379C00043C5EF /* Debug */ = {
			isa = XCBuildConfiguration;
			buildSettings = {
				ASSETCATALOG_COMPILER_APPICON_NAME = AppIcon;
				ASSETCATALOG_COMPILER_GLOBAL_ACCENT_COLOR_NAME = AccentColor;
				CODE_SIGN_STYLE = Automatic;
				CURRENT_PROJECT_VERSION = 1;
				DEVELOPMENT_ASSET_PATHS = "\"Chirpr/Preview Content\"";
				DEVELOPMENT_TEAM = TR5Z37W278;
				ENABLE_PREVIEWS = YES;
				GENERATE_INFOPLIST_FILE = YES;
				INFOPLIST_KEY_UIApplicationSceneManifest_Generation = YES;
				INFOPLIST_KEY_UIApplicationSupportsIndirectInputEvents = YES;
				INFOPLIST_KEY_UILaunchScreen_Generation = YES;
				INFOPLIST_KEY_UISupportedInterfaceOrientations = UIInterfaceOrientationPortrait;
				INFOPLIST_KEY_UISupportedInterfaceOrientations_iPad = "UIInterfaceOrientationLandscapeLeft UIInterfaceOrientationLandscapeRight UIInterfaceOrientationPortrait UIInterfaceOrientationPortraitUpsideDown";
				LD_RUNPATH_SEARCH_PATHS = (
					"$(inherited)",
					"@executable_path/Frameworks",
				);
				MARKETING_VERSION = 1.0;
				PRODUCT_BUNDLE_IDENTIFIER = com.valentinsilvera.Chirpr;
				PRODUCT_NAME = "$(TARGET_NAME)";
				SWIFT_EMIT_LOC_STRINGS = YES;
				SWIFT_VERSION = 5.0;
				TARGETED_DEVICE_FAMILY = "1,2";
			};
			name = Debug;
		};
		A7B0C31828D379C00043C5EF /* Release */ = {
			isa = XCBuildConfiguration;
			buildSettings = {
				ASSETCATALOG_COMPILER_APPICON_NAME = AppIcon;
				ASSETCATALOG_COMPILER_GLOBAL_ACCENT_COLOR_NAME = AccentColor;
				CODE_SIGN_STYLE = Automatic;
				CURRENT_PROJECT_VERSION = 1;
				DEVELOPMENT_ASSET_PATHS = "\"Chirpr/Preview Content\"";
				DEVELOPMENT_TEAM = TR5Z37W278;
				ENABLE_PREVIEWS = YES;
				GENERATE_INFOPLIST_FILE = YES;
				INFOPLIST_KEY_UIApplicationSceneManifest_Generation = YES;
				INFOPLIST_KEY_UIApplicationSupportsIndirectInputEvents = YES;
				INFOPLIST_KEY_UILaunchScreen_Generation = YES;
				INFOPLIST_KEY_UISupportedInterfaceOrientations = UIInterfaceOrientationPortrait;
				INFOPLIST_KEY_UISupportedInterfaceOrientations_iPad = "UIInterfaceOrientationLandscapeLeft UIInterfaceOrientationLandscapeRight UIInterfaceOrientationPortrait UIInterfaceOrientationPortraitUpsideDown";
				LD_RUNPATH_SEARCH_PATHS = (
					"$(inherited)",
					"@executable_path/Frameworks",
				);
				MARKETING_VERSION = 1.0;
				PRODUCT_BUNDLE_IDENTIFIER = com.valentinsilvera.Chirpr;
				PRODUCT_NAME = "$(TARGET_NAME)";
				SWIFT_EMIT_LOC_STRINGS = YES;
				SWIFT_VERSION = 5.0;
				TARGETED_DEVICE_FAMILY = "1,2";
			};
			name = Release;
		};
		A7B0C31A28D379C00043C5EF /* Debug */ = {
			isa = XCBuildConfiguration;
			buildSettings = {
				ALWAYS_EMBED_SWIFT_STANDARD_LIBRARIES = YES;
				BUNDLE_LOADER = "$(TEST_HOST)";
				CODE_SIGN_STYLE = Automatic;
				CURRENT_PROJECT_VERSION = 1;
				DEVELOPMENT_TEAM = TR5Z37W278;
				GENERATE_INFOPLIST_FILE = YES;
				IPHONEOS_DEPLOYMENT_TARGET = 16.0;
				MARKETING_VERSION = 1.0;
				PRODUCT_BUNDLE_IDENTIFIER = com.valentinsilvera.ChirprTests;
				PRODUCT_NAME = "$(TARGET_NAME)";
				SWIFT_EMIT_LOC_STRINGS = NO;
				SWIFT_VERSION = 5.0;
				TARGETED_DEVICE_FAMILY = "1,2";
				TEST_HOST = "$(BUILT_PRODUCTS_DIR)/Chirpr.app/$(BUNDLE_EXECUTABLE_FOLDER_PATH)/Chirpr";
			};
			name = Debug;
		};
		A7B0C31B28D379C00043C5EF /* Release */ = {
			isa = XCBuildConfiguration;
			buildSettings = {
				ALWAYS_EMBED_SWIFT_STANDARD_LIBRARIES = YES;
				BUNDLE_LOADER = "$(TEST_HOST)";
				CODE_SIGN_STYLE = Automatic;
				CURRENT_PROJECT_VERSION = 1;
				DEVELOPMENT_TEAM = TR5Z37W278;
				GENERATE_INFOPLIST_FILE = YES;
				IPHONEOS_DEPLOYMENT_TARGET = 16.0;
				MARKETING_VERSION = 1.0;
				PRODUCT_BUNDLE_IDENTIFIER = com.valentinsilvera.ChirprTests;
				PRODUCT_NAME = "$(TARGET_NAME)";
				SWIFT_EMIT_LOC_STRINGS = NO;
				SWIFT_VERSION = 5.0;
				TARGETED_DEVICE_FAMILY = "1,2";
				TEST_HOST = "$(BUILT_PRODUCTS_DIR)/Chirpr.app/$(BUNDLE_EXECUTABLE_FOLDER_PATH)/Chirpr";
			};
			name = Release;
		};
		A7B0C31D28D379C00043C5EF /* Debug */ = {
			isa = XCBuildConfiguration;
			buildSettings = {
				ALWAYS_EMBED_SWIFT_STANDARD_LIBRARIES = YES;
				CODE_SIGN_STYLE = Automatic;
				CURRENT_PROJECT_VERSION = 1;
				DEVELOPMENT_TEAM = TR5Z37W278;
				GENERATE_INFOPLIST_FILE = YES;
				MARKETING_VERSION = 1.0;
				PRODUCT_BUNDLE_IDENTIFIER = com.valentinsilvera.ChirprUITests;
				PRODUCT_NAME = "$(TARGET_NAME)";
				SWIFT_EMIT_LOC_STRINGS = NO;
				SWIFT_VERSION = 5.0;
				TARGETED_DEVICE_FAMILY = "1,2";
				TEST_TARGET_NAME = Chirpr;
			};
			name = Debug;
		};
		A7B0C31E28D379C00043C5EF /* Release */ = {
			isa = XCBuildConfiguration;
			buildSettings = {
				ALWAYS_EMBED_SWIFT_STANDARD_LIBRARIES = YES;
				CODE_SIGN_STYLE = Automatic;
				CURRENT_PROJECT_VERSION = 1;
				DEVELOPMENT_TEAM = TR5Z37W278;
				GENERATE_INFOPLIST_FILE = YES;
				MARKETING_VERSION = 1.0;
				PRODUCT_BUNDLE_IDENTIFIER = com.valentinsilvera.ChirprUITests;
				PRODUCT_NAME = "$(TARGET_NAME)";
				SWIFT_EMIT_LOC_STRINGS = NO;
				SWIFT_VERSION = 5.0;
				TARGETED_DEVICE_FAMILY = "1,2";
				TEST_TARGET_NAME = Chirpr;
			};
			name = Release;
		};
/* End XCBuildConfiguration section */

/* Begin XCConfigurationList section */
		A7B0C2ED28D379BF0043C5EF /* Build configuration list for PBXProject "Chirpr" */ = {
			isa = XCConfigurationList;
			buildConfigurations = (
				A7B0C31428D379C00043C5EF /* Debug */,
				A7B0C31528D379C00043C5EF /* Release */,
			);
			defaultConfigurationIsVisible = 0;
			defaultConfigurationName = Release;
		};
		A7B0C31628D379C00043C5EF /* Build configuration list for PBXNativeTarget "Chirpr" */ = {
			isa = XCConfigurationList;
			buildConfigurations = (
				A7B0C31728D379C00043C5EF /* Debug */,
				A7B0C31828D379C00043C5EF /* Release */,
			);
			defaultConfigurationIsVisible = 0;
			defaultConfigurationName = Release;
		};
		A7B0C31928D379C00043C5EF /* Build configuration list for PBXNativeTarget "ChirprTests" */ = {
			isa = XCConfigurationList;
			buildConfigurations = (
				A7B0C31A28D379C00043C5EF /* Debug */,
				A7B0C31B28D379C00043C5EF /* Release */,
			);
			defaultConfigurationIsVisible = 0;
			defaultConfigurationName = Release;
		};
		A7B0C31C28D379C00043C5EF /* Build configuration list for PBXNativeTarget "ChirprUITests" */ = {
			isa = XCConfigurationList;
			buildConfigurations = (
				A7B0C31D28D379C00043C5EF /* Debug */,
				A7B0C31E28D379C00043C5EF /* Release */,
			);
			defaultConfigurationIsVisible = 0;
			defaultConfigurationName = Release;
		};
/* End XCConfigurationList section */

/* Begin XCRemoteSwiftPackageReference section */
		A727FD8328DB667E00C5E170 /* XCRemoteSwiftPackageReference "firebase-ios-sdk" */ = {
			isa = XCRemoteSwiftPackageReference;
			repositoryURL = "https://github.com/firebase/firebase-ios-sdk";
			requirement = {
				branch = master;
				kind = branch;
			};
		};
/* End XCRemoteSwiftPackageReference section */

/* Begin XCSwiftPackageProductDependency section */
		A727FD8428DB667E00C5E170 /* FirebaseAuth */ = {
			isa = XCSwiftPackageProductDependency;
			package = A727FD8328DB667E00C5E170 /* XCRemoteSwiftPackageReference "firebase-ios-sdk" */;
			productName = FirebaseAuth;
		};
		A727FD8628DB667E00C5E170 /* FirebaseFirestore */ = {
			isa = XCSwiftPackageProductDependency;
			package = A727FD8328DB667E00C5E170 /* XCRemoteSwiftPackageReference "firebase-ios-sdk" */;
			productName = FirebaseFirestore;
		};
		A727FD8828DB667E00C5E170 /* FirebaseFirestoreSwift */ = {
			isa = XCSwiftPackageProductDependency;
			package = A727FD8328DB667E00C5E170 /* XCRemoteSwiftPackageReference "firebase-ios-sdk" */;
			productName = FirebaseFirestoreSwift;
		};
		A727FD8A28DB667E00C5E170 /* FirebaseStorage */ = {
			isa = XCSwiftPackageProductDependency;
			package = A727FD8328DB667E00C5E170 /* XCRemoteSwiftPackageReference "firebase-ios-sdk" */;
			productName = FirebaseStorage;
		};
/* End XCSwiftPackageProductDependency section */
	};
	rootObject = A7B0C2EA28D379BF0043C5EF /* Project object */;
}
